// !$*UTF8*$!
{
	archiveVersion = 1;
	classes = {
	};
	objectVersion = 46;
	objects = {

/* Begin PBXBuildFile section */
		63FCA3B61D8C3C9D00EA2834 /* AppDelegate.swift in Sources */ = {isa = PBXBuildFile; fileRef = 63FCA3B51D8C3C9D00EA2834 /* AppDelegate.swift */; };
		63FCA3B81D8C3C9D00EA2834 /* ViewController.swift in Sources */ = {isa = PBXBuildFile; fileRef = 63FCA3B71D8C3C9D00EA2834 /* ViewController.swift */; };
		63FCA3BB1D8C3C9D00EA2834 /* Main.storyboard in Resources */ = {isa = PBXBuildFile; fileRef = 63FCA3B91D8C3C9D00EA2834 /* Main.storyboard */; };
		63FCA3BD1D8C3C9D00EA2834 /* Assets.xcassets in Resources */ = {isa = PBXBuildFile; fileRef = 63FCA3BC1D8C3C9D00EA2834 /* Assets.xcassets */; };
		63FCA3C01D8C3C9D00EA2834 /* LaunchScreen.storyboard in Resources */ = {isa = PBXBuildFile; fileRef = 63FCA3BE1D8C3C9D00EA2834 /* LaunchScreen.storyboard */; };
		63FCA3C91D8C66CE00EA2834 /* CalculatorBrain.swift in Sources */ = {isa = PBXBuildFile; fileRef = 63FCA3C81D8C66CE00EA2834 /* CalculatorBrain.swift */; };
/* End PBXBuildFile section */

/* Begin PBXFileReference section */
		63FCA3B21D8C3C9D00EA2834 /* SwiftCalculator_201609_xcode7.app */ = {isa = PBXFileReference; explicitFileType = wrapper.application; includeInIndex = 0; path = SwiftCalculator_201609_xcode7.app; sourceTree = BUILT_PRODUCTS_DIR; };
		63FCA3B51D8C3C9D00EA2834 /* AppDelegate.swift */ = {isa = PBXFileReference; lastKnownFileType = sourcecode.swift; path = AppDelegate.swift; sourceTree = "<group>"; };
		63FCA3B71D8C3C9D00EA2834 /* ViewController.swift */ = {isa = PBXFileReference; lastKnownFileType = sourcecode.swift; path = ViewController.swift; sourceTree = "<group>"; };
		63FCA3BA1D8C3C9D00EA2834 /* Base */ = {isa = PBXFileReference; lastKnownFileType = file.storyboard; name = Base; path = Base.lproj/Main.storyboard; sourceTree = "<group>"; };
		63FCA3BC1D8C3C9D00EA2834 /* Assets.xcassets */ = {isa = PBXFileReference; lastKnownFileType = folder.assetcatalog; path = Assets.xcassets; sourceTree = "<group>"; };
		63FCA3BF1D8C3C9D00EA2834 /* Base */ = {isa = PBXFileReference; lastKnownFileType = file.storyboard; name = Base; path = Base.lproj/LaunchScreen.storyboard; sourceTree = "<group>"; };
		63FCA3C11D8C3C9D00EA2834 /* Info.plist */ = {isa = PBXFileReference; lastKnownFileType = text.plist.xml; path = Info.plist; sourceTree = "<group>"; };
		63FCA3C81D8C66CE00EA2834 /* CalculatorBrain.swift */ = {isa = PBXFileReference; fileEncoding = 4; lastKnownFileType = sourcecode.swift; path = CalculatorBrain.swift; sourceTree = "<group>"; };
/* End PBXFileReference section */

/* Begin PBXFrameworksBuildPhase section */
		63FCA3AF1D8C3C9D00EA2834 /* Frameworks */ = {
			isa = PBXFrameworksBuildPhase;
			buildActionMask = 2147483647;
			files = (
			);
			runOnlyForDeploymentPostprocessing = 0;
		};
/* End PBXFrameworksBuildPhase section */

/* Begin PBXGroup section */
		63FCA3A91D8C3C9D00EA2834 = {
			isa = PBXGroup;
			children = (
				63FCA3B41D8C3C9D00EA2834 /* SwiftCalculator_201609_xcode7 */,
				63FCA3B31D8C3C9D00EA2834 /* Products */,
			);
			sourceTree = "<group>";
		};
		63FCA3B31D8C3C9D00EA2834 /* Products */ = {
			isa = PBXGroup;
			children = (
				63FCA3B21D8C3C9D00EA2834 /* SwiftCalculator_201609_xcode7.app */,
			);
			name = Products;
			sourceTree = "<group>";
		};
		63FCA3B41D8C3C9D00EA2834 /* SwiftCalculator_201609_xcode7 */ = {
			isa = PBXGroup;
			children = (
				63FCA3B71D8C3C9D00EA2834 /* ViewController.swift */,
				63FCA3B91D8C3C9D00EA2834 /* Main.storyboard */,
				63FCA3C71D8C3CC400EA2834 /* Supporting Files */,
				63FCA3C81D8C66CE00EA2834 /* CalculatorBrain.swift */,
			);
			path = SwiftCalculator_201609_xcode7;
			sourceTree = "<group>";
		};
		63FCA3C71D8C3CC400EA2834 /* Supporting Files */ = {
			isa = PBXGroup;
			children = (
				63FCA3B51D8C3C9D00EA2834 /* AppDelegate.swift */,
				63FCA3BC1D8C3C9D00EA2834 /* Assets.xcassets */,
				63FCA3BE1D8C3C9D00EA2834 /* LaunchScreen.storyboard */,
				63FCA3C11D8C3C9D00EA2834 /* Info.plist */,
			);
			name = "Supporting Files";
			sourceTree = "<group>";
		};
/* End PBXGroup section */

/* Begin PBXNativeTarget section */
		63FCA3B11D8C3C9D00EA2834 /* SwiftCalculator_201609_xcode7 */ = {
			isa = PBXNativeTarget;
			buildConfigurationList = 63FCA3C41D8C3C9D00EA2834 /* Build configuration list for PBXNativeTarget "SwiftCalculator_201609_xcode7" */;
			buildPhases = (
				63FCA3AE1D8C3C9D00EA2834 /* Sources */,
				63FCA3AF1D8C3C9D00EA2834 /* Frameworks */,
				63FCA3B01D8C3C9D00EA2834 /* Resources */,
			);
			buildRules = (
			);
			dependencies = (
			);
			name = SwiftCalculator_201609_xcode7;
			productName = SwiftCalculator_201609_xcode7;
			productReference = 63FCA3B21D8C3C9D00EA2834 /* SwiftCalculator_201609_xcode7.app */;
			productType = "com.apple.product-type.application";
		};
/* End PBXNativeTarget section */

/* Begin PBXProject section */
		63FCA3AA1D8C3C9D00EA2834 /* Project object */ = {
			isa = PBXProject;
			attributes = {
				LastSwiftUpdateCheck = 0730;
				LastUpgradeCheck = 0730;
				ORGANIZATIONNAME = CS193p;
				TargetAttributes = {
					63FCA3B11D8C3C9D00EA2834 = {
						CreatedOnToolsVersion = 7.3.1;
						DevelopmentTeam = DKPW85FBXF;
					};
				};
			};
			buildConfigurationList = 63FCA3AD1D8C3C9D00EA2834 /* Build configuration list for PBXProject "SwiftCalculator_201609_xcode7" */;
			compatibilityVersion = "Xcode 3.2";
			developmentRegion = English;
			hasScannedForEncodings = 0;
			knownRegions = (
				en,
				Base,
			);
			mainGroup = 63FCA3A91D8C3C9D00EA2834;
			productRefGroup = 63FCA3B31D8C3C9D00EA2834 /* Products */;
			projectDirPath = "";
			projectRoot = "";
			targets = (
				63FCA3B11D8C3C9D00EA2834 /* SwiftCalculator_201609_xcode7 */,
			);
		};
/* End PBXProject section */

/* Begin PBXResourcesBuildPhase section */
		63FCA3B01D8C3C9D00EA2834 /* Resources */ = {
			isa = PBXResourcesBuildPhase;
			buildActionMask = 2147483647;
			files = (
				63FCA3C01D8C3C9D00EA2834 /* LaunchScreen.storyboard in Resources */,
				63FCA3BD1D8C3C9D00EA2834 /* Assets.xcassets in Resources */,
				63FCA3BB1D8C3C9D00EA2834 /* Main.storyboard in Resources */,
			);
			runOnlyForDeploymentPostprocessing = 0;
		};
/* End PBXResourcesBuildPhase section */

/* Begin PBXSourcesBuildPhase section */
		63FCA3AE1D8C3C9D00EA2834 /* Sources */ = {
			isa = PBXSourcesBuildPhase;
			buildActionMask = 2147483647;
			files = (
				63FCA3C91D8C66CE00EA2834 /* CalculatorBrain.swift in Sources */,
				63FCA3B81D8C3C9D00EA2834 /* ViewController.swift in Sources */,
				63FCA3B61D8C3C9D00EA2834 /* AppDelegate.swift in Sources */,
			);
			runOnlyForDeploymentPostprocessing = 0;
		};
/* End PBXSourcesBuildPhase section */

/* Begin PBXVariantGroup section */
		63FCA3B91D8C3C9D00EA2834 /* Main.storyboard */ = {
			isa = PBXVariantGroup;
			children = (
				63FCA3BA1D8C3C9D00EA2834 /* Base */,
			);
			name = Main.storyboard;
			sourceTree = "<group>";
		};
		63FCA3BE1D8C3C9D00EA2834 /* LaunchScreen.storyboard */ = {
			isa = PBXVariantGroup;
			children = (
				63FCA3BF1D8C3C9D00EA2834 /* Base */,
			);
			name = LaunchScreen.storyboard;
			sourceTree = "<group>";
		};
/* End PBXVariantGroup section */

/* Begin XCBuildConfiguration section */
		63FCA3C21D8C3C9D00EA2834 /* Debug */ = {
			isa = XCBuildConfiguration;
			buildSettings = {
				ALWAYS_SEARCH_USER_PATHS = NO;
				CLANG_ANALYZER_NONNULL = YES;
				CLANG_CXX_LANGUAGE_STANDARD = "gnu++0x";
				CLANG_CXX_LIBRARY = "libc++";
				CLANG_ENABLE_MODULES = YES;
				CLANG_ENABLE_OBJC_ARC = YES;
				CLANG_WARN_BOOL_CONVERSION = YES;
				CLANG_WARN_CONSTANT_CONVERSION = YES;
				CLANG_WARN_DIRECT_OBJC_ISA_USAGE = YES_ERROR;
				CLANG_WARN_EMPTY_BODY = YES;
				CLANG_WARN_ENUM_CONVERSION = YES;
				CLANG_WARN_INT_CONVERSION = YES;
				CLANG_WARN_OBJC_ROOT_CLASS = YES_ERROR;
				CLANG_WARN_UNREACHABLE_CODE = YES;
				CLANG_WARN__DUPLICATE_METHOD_MATCH = YES;
				"CODE_SIGN_IDENTITY[sdk=iphoneos*]" = "iPhone Developer";
				COPY_PHASE_STRIP = NO;
				DEBUG_INFORMATION_FORMAT = dwarf;
				ENABLE_STRICT_OBJC_MSGSEND = YES;
				ENABLE_TESTABILITY = YES;
				GCC_C_LANGUAGE_STANDARD = gnu99;
				GCC_DYNAMIC_NO_PIC = NO;
				GCC_NO_COMMON_BLOCKS = YES;
				GCC_OPTIMIZATION_LEVEL = 0;
				GCC_PREPROCESSOR_DEFINITIONS = (
					"DEBUG=1",
					"$(inherited)",
				);
				GCC_WARN_64_TO_32_BIT_CONVERSION = YES;
				GCC_WARN_ABOUT_RETURN_TYPE = YES_ERROR;
				GCC_WARN_UNDECLARED_SELECTOR = YES;
				GCC_WARN_UNINITIALIZED_AUTOS = YES_AGGRESSIVE;
				GCC_WARN_UNUSED_FUNCTION = YES;
				GCC_WARN_UNUSED_VARIABLE = YES;
				IPHONEOS_DEPLOYMENT_TARGET = 9.3;
				MTL_ENABLE_DEBUG_INFO = YES;
				ONLY_ACTIVE_ARCH = YES;
				SDKROOT = iphoneos;
				SWIFT_OPTIMIZATION_LEVEL = "-Onone";
				TARGETED_DEVICE_FAMILY = "1,2";
			};
			name = Debug;
		};
		63FCA3C31D8C3C9D00EA2834 /* Release */ = {
			isa = XCBuildConfiguration;
			buildSettings = {
				ALWAYS_SEARCH_USER_PATHS = NO;
				CLANG_ANALYZER_NONNULL = YES;
				CLANG_CXX_LANGUAGE_STANDARD = "gnu++0x";
				CLANG_CXX_LIBRARY = "libc++";
				CLANG_ENABLE_MODULES = YES;
				CLANG_ENABLE_OBJC_ARC = YES;
				CLANG_WARN_BOOL_CONVERSION = YES;
				CLANG_WARN_CONSTANT_CONVERSION = YES;
				CLANG_WARN_DIRECT_OBJC_ISA_USAGE = YES_ERROR;
				CLANG_WARN_EMPTY_BODY = YES;
				CLANG_WARN_ENUM_CONVERSION = YES;
				CLANG_WARN_INT_CONVERSION = YES;
				CLANG_WARN_OBJC_ROOT_CLASS = YES_ERROR;
				CLANG_WARN_UNREACHABLE_CODE = YES;
				CLANG_WARN__DUPLICATE_METHOD_MATCH = YES;
				"CODE_SIGN_IDENTITY[sdk=iphoneos*]" = "iPhone Developer";
				COPY_PHASE_STRIP = NO;
				DEBUG_INFORMATION_FORMAT = "dwarf-with-dsym";
				ENABLE_NS_ASSERTIONS = NO;
				ENABLE_STRICT_OBJC_MSGSEND = YES;
				GCC_C_LANGUAGE_STANDARD = gnu99;
				GCC_NO_COMMON_BLOCKS = YES;
				GCC_WARN_64_TO_32_BIT_CONVERSION = YES;
				GCC_WARN_ABOUT_RETURN_TYPE = YES_ERROR;
				GCC_WARN_UNDECLARED_SELECTOR = YES;
				GCC_WARN_UNINITIALIZED_AUTOS = YES_AGGRESSIVE;
				GCC_WARN_UNUSED_FUNCTION = YES;
				GCC_WARN_UNUSED_VARIABLE = YES;
				IPHONEOS_DEPLOYMENT_TARGET = 9.3;
				MTL_ENABLE_DEBUG_INFO = NO;
				SDKROOT = iphoneos;
				TARGETED_DEVICE_FAMILY = "1,2";
				VALIDATE_PRODUCT = YES;
			};
			name = Release;
		};
		63FCA3C51D8C3C9D00EA2834 /* Debug */ = {
			isa = XCBuildConfiguration;
			buildSettings = {
				ASSETCATALOG_COMPILER_APPICON_NAME = AppIcon;
				CODE_SIGN_IDENTITY = "iPhone Developer";
				INFOPLIST_FILE = SwiftCalculator_201609_xcode7/Info.plist;
				LD_RUNPATH_SEARCH_PATHS = "$(inherited) @executable_path/Frameworks";
				PRODUCT_BUNDLE_IDENTIFIER = "com.corti.sean.SwiftCalculator-201609-xcode7";
				PRODUCT_NAME = "$(TARGET_NAME)";
			};
			name = Debug;
		};
		63FCA3C61D8C3C9D00EA2834 /* Release */ = {
			isa = XCBuildConfiguration;
			buildSettings = {
				ASSETCATALOG_COMPILER_APPICON_NAME = AppIcon;
				CODE_SIGN_IDENTITY = "iPhone Developer";
				INFOPLIST_FILE = SwiftCalculator_201609_xcode7/Info.plist;
				LD_RUNPATH_SEARCH_PATHS = "$(inherited) @executable_path/Frameworks";
				PRODUCT_BUNDLE_IDENTIFIER = "com.corti.sean.SwiftCalculator-201609-xcode7";
				PRODUCT_NAME = "$(TARGET_NAME)";
			};
			name = Release;
		};
/* End XCBuildConfiguration section */

/* Begin XCConfigurationList section */
		63FCA3AD1D8C3C9D00EA2834 /* Build configuration list for PBXProject "SwiftCalculator_201609_xcode7" */ = {
			isa = XCConfigurationList;
			buildConfigurations = (
				63FCA3C21D8C3C9D00EA2834 /* Debug */,
				63FCA3C31D8C3C9D00EA2834 /* Release */,
			);
			defaultConfigurationIsVisible = 0;
			defaultConfigurationName = Release;
		};
		63FCA3C41D8C3C9D00EA2834 /* Build configuration list for PBXNativeTarget "SwiftCalculator_201609_xcode7" */ = {
			isa = XCConfigurationList;
			buildConfigurations = (
				63FCA3C51D8C3C9D00EA2834 /* Debug */,
				63FCA3C61D8C3C9D00EA2834 /* Release */,
			);
			defaultConfigurationIsVisible = 0;
		};
/* End XCConfigurationList section */
	};
	rootObject = 63FCA3AA1D8C3C9D00EA2834 /* Project object */;
}
